
Microsoft Visual Studio Solution File, Format Version 12.00
# Visual Studio 15
VisualStudioVersion = 15.0.26730.12
MinimumVisualStudioVersion = 10.0.40219.1
Project("{9A19103F-16F7-4668-BE54-9A1E7A4F7556}") = "ExternalServices", "Bitfinex\ExternalServices.csproj", "{CA881CE6-7BF7-4E91-BCBC-C22563CA21EC}"
EndProject
Project("{FAE04EC0-301F-11D3-BF4B-00C04F79EFBC}") = "ConsoleBitfinex", "ConsoleBitfinex\ConsoleBitfinex.csproj", "{B4554593-00A7-4136-A1D4-93B08182908A}"
EndProject
Global
	GlobalSection(SolutionConfigurationPlatforms) = preSolution
		Debug|Any CPU = Debug|Any CPU
		Release|Any CPU = Release|Any CPU
	EndGlobalSection
	GlobalSection(ProjectConfigurationPlatforms) = postSolution
		{CA881CE6-7BF7-4E91-BCBC-C22563CA21EC}.Debug|Any CPU.ActiveCfg = Debug|Any CPU
		{CA881CE6-7BF7-4E91-BCBC-C22563CA21EC}.Debug|Any CPU.Build.0 = Debug|Any CPU
		{CA881CE6-7BF7-4E91-BCBC-C22563CA21EC}.Release|Any CPU.ActiveCfg = Release|Any CPU
		{CA881CE6-7BF7-4E91-BCBC-C22563CA21EC}.Release|Any CPU.Build.0 = Release|Any CPU
		{B4554593-00A7-4136-A1D4-93B08182908A}.Debug|Any CPU.ActiveCfg = Debug|Any CPU
		{B4554593-00A7-4136-A1D4-93B08182908A}.Debug|Any CPU.Build.0 = Debug|Any CPU
		{B4554593-00A7-4136-A1D4-93B08182908A}.Release|Any CPU.ActiveCfg = Release|Any CPU
		{B4554593-00A7-4136-A1D4-93B08182908A}.Release|Any CPU.Build.0 = Release|Any CPU
	EndGlobalSection
	GlobalSection(SolutionProperties) = preSolution
		HideSolutionNode = FALSE
	EndGlobalSection
	GlobalSection(ExtensibilityGlobals) = postSolution
		SolutionGuid = {B01976DE-2715-4180-8694-B2B3E4C37461}
	EndGlobalSection
EndGlobal
